
Microsoft Visual Studio Solution File, Format Version 12.00
# Visual Studio Version 17
VisualStudioVersion = 17.14.36109.1
MinimumVisualStudioVersion = 10.0.40219.1
Project("{2150E333-8FDC-42A3-9474-1A3956D46DE8}") = "Core", "Core", "{02EA681E-C7D8-13C7-8484-4AC65E1B71E8}"
EndProject
Project("{FAE04EC0-301F-11D3-BF4B-00C04F79EFBC}") = "BiblioSol.Domain", "BiblioSol.Domain\BiblioSol.Domain.csproj", "{40665D07-437B-448F-812C-770A65666E1F}"
EndProject
Project("{FAE04EC0-301F-11D3-BF4B-00C04F79EFBC}") = "BiblioSol.Application", "BiblioSol.Application\BiblioSol.Application.csproj", "{E9CA0697-A07C-466C-B6D8-B30403E0AD01}"
EndProject
Project("{2150E333-8FDC-42A3-9474-1A3956D46DE8}") = "Infraestructure", "Infraestructure", "{678E9992-701B-41B1-B69C-4891054320ED}"
EndProject
Project("{FAE04EC0-301F-11D3-BF4B-00C04F79EFBC}") = "BiblioSol.Persistence", "BiblioSol.Persistence\BiblioSol.Persistence.csproj", "{49F4FA3F-E8F0-44B8-B8F4-FEDC3A090C8F}"
EndProject
Project("{2150E333-8FDC-42A3-9474-1A3956D46DE8}") = "Presentation", "Presentation", "{5100F02B-F3D6-47DD-98AA-D8D1CC739A88}"
EndProject
Project("{FAE04EC0-301F-11D3-BF4B-00C04F79EFBC}") = "BiblioSol.Web", "BiblioSol.Web\BiblioSol.Web.csproj", "{4D9C2A31-E0D1-407E-A3F2-F1B1FFCEEC57}"
EndProject
Project("{2150E333-8FDC-42A3-9474-1A3956D46DE8}") = "Api", "Api", "{1B8E44A3-E9BB-4973-9DE8-51DAFFFB929F}"
EndProject
Project("{FAE04EC0-301F-11D3-BF4B-00C04F79EFBC}") = "BiblioSol.Api", "BiblioSol.Api\BiblioSol.Api.csproj", "{5677754F-1AF7-40A9-B33D-F7942204814A}"
EndProject
Project("{FAE04EC0-301F-11D3-BF4B-00C04F79EFBC}") = "BiblioSol.WinFom", "BiblioSol.WinFom\BiblioSol.WinFom.csproj", "{226D76B7-FA54-464D-ABA7-CE48276AE7DC}"
EndProject
Global
	GlobalSection(SolutionConfigurationPlatforms) = preSolution
		Debug|Any CPU = Debug|Any CPU
		Release|Any CPU = Release|Any CPU
	EndGlobalSection
	GlobalSection(ProjectConfigurationPlatforms) = postSolution
		{40665D07-437B-448F-812C-770A65666E1F}.Debug|Any CPU.ActiveCfg = Debug|Any CPU
		{40665D07-437B-448F-812C-770A65666E1F}.Debug|Any CPU.Build.0 = Debug|Any CPU
		{40665D07-437B-448F-812C-770A65666E1F}.Release|Any CPU.ActiveCfg = Release|Any CPU
		{40665D07-437B-448F-812C-770A65666E1F}.Release|Any CPU.Build.0 = Release|Any CPU
		{E9CA0697-A07C-466C-B6D8-B30403E0AD01}.Debug|Any CPU.ActiveCfg = Debug|Any CPU
		{E9CA0697-A07C-466C-B6D8-B30403E0AD01}.Debug|Any CPU.Build.0 = Debug|Any CPU
		{E9CA0697-A07C-466C-B6D8-B30403E0AD01}.Release|Any CPU.ActiveCfg = Release|Any CPU
		{E9CA0697-A07C-466C-B6D8-B30403E0AD01}.Release|Any CPU.Build.0 = Release|Any CPU
		{49F4FA3F-E8F0-44B8-B8F4-FEDC3A090C8F}.Debug|Any CPU.ActiveCfg = Debug|Any CPU
		{49F4FA3F-E8F0-44B8-B8F4-FEDC3A090C8F}.Debug|Any CPU.Build.0 = Debug|Any CPU
		{49F4FA3F-E8F0-44B8-B8F4-FEDC3A090C8F}.Release|Any CPU.ActiveCfg = Release|Any CPU
		{49F4FA3F-E8F0-44B8-B8F4-FEDC3A090C8F}.Release|Any CPU.Build.0 = Release|Any CPU
		{4D9C2A31-E0D1-407E-A3F2-F1B1FFCEEC57}.Debug|Any CPU.ActiveCfg = Debug|Any CPU
		{4D9C2A31-E0D1-407E-A3F2-F1B1FFCEEC57}.Debug|Any CPU.Build.0 = Debug|Any CPU
		{4D9C2A31-E0D1-407E-A3F2-F1B1FFCEEC57}.Release|Any CPU.ActiveCfg = Release|Any CPU
		{4D9C2A31-E0D1-407E-A3F2-F1B1FFCEEC57}.Release|Any CPU.Build.0 = Release|Any CPU
		{5677754F-1AF7-40A9-B33D-F7942204814A}.Debug|Any CPU.ActiveCfg = Debug|Any CPU
		{5677754F-1AF7-40A9-B33D-F7942204814A}.Debug|Any CPU.Build.0 = Debug|Any CPU
		{5677754F-1AF7-40A9-B33D-F7942204814A}.Release|Any CPU.ActiveCfg = Release|Any CPU
		{5677754F-1AF7-40A9-B33D-F7942204814A}.Release|Any CPU.Build.0 = Release|Any CPU
		{226D76B7-FA54-464D-ABA7-CE48276AE7DC}.Debug|Any CPU.ActiveCfg = Debug|Any CPU
		{226D76B7-FA54-464D-ABA7-CE48276AE7DC}.Debug|Any CPU.Build.0 = Debug|Any CPU
		{226D76B7-FA54-464D-ABA7-CE48276AE7DC}.Release|Any CPU.ActiveCfg = Release|Any CPU
		{226D76B7-FA54-464D-ABA7-CE48276AE7DC}.Release|Any CPU.Build.0 = Release|Any CPU
	EndGlobalSection
	GlobalSection(SolutionProperties) = preSolution
		HideSolutionNode = FALSE
	EndGlobalSection
	GlobalSection(NestedProjects) = preSolution
		{40665D07-437B-448F-812C-770A65666E1F} = {02EA681E-C7D8-13C7-8484-4AC65E1B71E8}
		{E9CA0697-A07C-466C-B6D8-B30403E0AD01} = {02EA681E-C7D8-13C7-8484-4AC65E1B71E8}
		{49F4FA3F-E8F0-44B8-B8F4-FEDC3A090C8F} = {678E9992-701B-41B1-B69C-4891054320ED}
		{4D9C2A31-E0D1-407E-A3F2-F1B1FFCEEC57} = {5100F02B-F3D6-47DD-98AA-D8D1CC739A88}
		{5677754F-1AF7-40A9-B33D-F7942204814A} = {1B8E44A3-E9BB-4973-9DE8-51DAFFFB929F}
		{226D76B7-FA54-464D-ABA7-CE48276AE7DC} = {5100F02B-F3D6-47DD-98AA-D8D1CC739A88}
	EndGlobalSection
	GlobalSection(ExtensibilityGlobals) = postSolution
		SolutionGuid = {672BADD2-6B01-4448-9590-12B2FF25072C}
	EndGlobalSection
EndGlobal
